// !$*UTF8*$!
{
	archiveVersion = 1;
	classes = {
	};
	objectVersion = 56;
	objects = {

/* Begin PBXBuildFile section */
		6CAEA9192A66968F002442A8 /* App.swift in Sources */ = {isa = PBXBuildFile; fileRef = 6CAEA9182A66968F002442A8 /* App.swift */; };
		6CAEA91B2A66968F002442A8 /* ContentView.swift in Sources */ = {isa = PBXBuildFile; fileRef = 6CAEA91A2A66968F002442A8 /* ContentView.swift */; };
		6CAEA91D2A669691002442A8 /* Assets.xcassets in Resources */ = {isa = PBXBuildFile; fileRef = 6CAEA91C2A669691002442A8 /* Assets.xcassets */; };
		6CAEA9202A669691002442A8 /* Preview Assets.xcassets in Resources */ = {isa = PBXBuildFile; fileRef = 6CAEA91F2A669691002442A8 /* Preview Assets.xcassets */; };
		6CAEA92A2A66A340002442A8 /* Variants.swift in Sources */ = {isa = PBXBuildFile; fileRef = 6CAEA9272A66A340002442A8 /* Variants.swift */; };
		6CAEA92B2A66A340002442A8 /* Category.swift in Sources */ = {isa = PBXBuildFile; fileRef = 6CAEA9282A66A340002442A8 /* Category.swift */; };
		6CAEA92C2A66A340002442A8 /* Product.swift in Sources */ = {isa = PBXBuildFile; fileRef = 6CAEA9292A66A340002442A8 /* Product.swift */; };
		6CAEA9312A66A42C002442A8 /* Sequences.swift in Sources */ = {isa = PBXBuildFile; fileRef = 6CAEA92E2A66A42C002442A8 /* Sequences.swift */; };
		6CAEA9322A66A42C002442A8 /* jsonDebugging.swift in Sources */ = {isa = PBXBuildFile; fileRef = 6CAEA92F2A66A42C002442A8 /* jsonDebugging.swift */; };
		6CAEA9332A66A42C002442A8 /* Colors.swift in Sources */ = {isa = PBXBuildFile; fileRef = 6CAEA9302A66A42C002442A8 /* Colors.swift */; };
/* End PBXBuildFile section */

/* Begin PBXFileReference section */
		6CAEA9152A66968F002442A8 /* ClothingCatalog.app */ = {isa = PBXFileReference; explicitFileType = wrapper.application; includeInIndex = 0; path = ClothingCatalog.app; sourceTree = BUILT_PRODUCTS_DIR; };
		6CAEA9182A66968F002442A8 /* App.swift */ = {isa = PBXFileReference; lastKnownFileType = sourcecode.swift; path = App.swift; sourceTree = "<group>"; };
		6CAEA91A2A66968F002442A8 /* ContentView.swift */ = {isa = PBXFileReference; lastKnownFileType = sourcecode.swift; path = ContentView.swift; sourceTree = "<group>"; };
		6CAEA91C2A669691002442A8 /* Assets.xcassets */ = {isa = PBXFileReference; lastKnownFileType = folder.assetcatalog; path = Assets.xcassets; sourceTree = "<group>"; };
		6CAEA91F2A669691002442A8 /* Preview Assets.xcassets */ = {isa = PBXFileReference; lastKnownFileType = folder.assetcatalog; path = "Preview Assets.xcassets"; sourceTree = "<group>"; };
		6CAEA9272A66A340002442A8 /* Variants.swift */ = {isa = PBXFileReference; fileEncoding = 4; lastKnownFileType = sourcecode.swift; path = Variants.swift; sourceTree = "<group>"; };
		6CAEA9282A66A340002442A8 /* Category.swift */ = {isa = PBXFileReference; fileEncoding = 4; lastKnownFileType = sourcecode.swift; path = Category.swift; sourceTree = "<group>"; };
		6CAEA9292A66A340002442A8 /* Product.swift */ = {isa = PBXFileReference; fileEncoding = 4; lastKnownFileType = sourcecode.swift; path = Product.swift; sourceTree = "<group>"; };
		6CAEA92E2A66A42C002442A8 /* Sequences.swift */ = {isa = PBXFileReference; fileEncoding = 4; lastKnownFileType = sourcecode.swift; path = Sequences.swift; sourceTree = "<group>"; };
		6CAEA92F2A66A42C002442A8 /* jsonDebugging.swift */ = {isa = PBXFileReference; fileEncoding = 4; lastKnownFileType = sourcecode.swift; path = jsonDebugging.swift; sourceTree = "<group>"; };
		6CAEA9302A66A42C002442A8 /* Colors.swift */ = {isa = PBXFileReference; fileEncoding = 4; lastKnownFileType = sourcecode.swift; path = Colors.swift; sourceTree = "<group>"; };
/* End PBXFileReference section */

/* Begin PBXFrameworksBuildPhase section */
		6CAEA9122A66968F002442A8 /* Frameworks */ = {
			isa = PBXFrameworksBuildPhase;
			buildActionMask = 2147483647;
			files = (
			);
			runOnlyForDeploymentPostprocessing = 0;
		};
/* End PBXFrameworksBuildPhase section */

/* Begin PBXGroup section */
		6CAEA90C2A66968F002442A8 = {
			isa = PBXGroup;
			children = (
				6CAEA9172A66968F002442A8 /* App */,
				6CAEA9162A66968F002442A8 /* Products */,
			);
			sourceTree = "<group>";
		};
		6CAEA9162A66968F002442A8 /* Products */ = {
			isa = PBXGroup;
			children = (
				6CAEA9152A66968F002442A8 /* ClothingCatalog.app */,
			);
			name = Products;
			sourceTree = "<group>";
		};
		6CAEA9172A66968F002442A8 /* App */ = {
			isa = PBXGroup;
			children = (
				6CAEA9182A66968F002442A8 /* App.swift */,
				6CAEA91A2A66968F002442A8 /* ContentView.swift */,
				6CAEA9262A66A340002442A8 /* Models */,
				6CAEA92D2A66A42C002442A8 /* Helpers */,
				6CAEA91C2A669691002442A8 /* Assets.xcassets */,
				6CAEA91E2A669691002442A8 /* Preview Content */,
			);
			path = App;
			sourceTree = "<group>";
		};
		6CAEA91E2A669691002442A8 /* Preview Content */ = {
			isa = PBXGroup;
			children = (
				6CAEA91F2A669691002442A8 /* Preview Assets.xcassets */,
			);
			path = "Preview Content";
			sourceTree = "<group>";
		};
		6CAEA9262A66A340002442A8 /* Models */ = {
			isa = PBXGroup;
			children = (
				6CAEA9272A66A340002442A8 /* Variants.swift */,
				6CAEA9282A66A340002442A8 /* Category.swift */,
				6CAEA9292A66A340002442A8 /* Product.swift */,
			);
			path = Models;
			sourceTree = "<group>";
		};
		6CAEA92D2A66A42C002442A8 /* Helpers */ = {
			isa = PBXGroup;
			children = (
				6CAEA92E2A66A42C002442A8 /* Sequences.swift */,
				6CAEA92F2A66A42C002442A8 /* jsonDebugging.swift */,
				6CAEA9302A66A42C002442A8 /* Colors.swift */,
			);
			path = Helpers;
			sourceTree = "<group>";
		};
/* End PBXGroup section */

/* Begin PBXNativeTarget section */
		6CAEA9142A66968F002442A8 /* ClothingCatalog */ = {
			isa = PBXNativeTarget;
			buildConfigurationList = 6CAEA9232A669691002442A8 /* Build configuration list for PBXNativeTarget "ClothingCatalog" */;
			buildPhases = (
				6CAEA9112A66968F002442A8 /* Sources */,
				6CAEA9122A66968F002442A8 /* Frameworks */,
				6CAEA9132A66968F002442A8 /* Resources */,
			);
			buildRules = (
			);
			dependencies = (
			);
			name = ClothingCatalog;
			productName = ClothingCatalog;
			productReference = 6CAEA9152A66968F002442A8 /* ClothingCatalog.app */;
			productType = "com.apple.product-type.application";
		};
/* End PBXNativeTarget section */

/* Begin PBXProject section */
		6CAEA90D2A66968F002442A8 /* Project object */ = {
			isa = PBXProject;
			attributes = {
				BuildIndependentTargetsInParallel = 1;
				LastSwiftUpdateCheck = 1420;
				LastUpgradeCheck = 1420;
				TargetAttributes = {
					6CAEA9142A66968F002442A8 = {
						CreatedOnToolsVersion = 14.2;
					};
				};
			};
			buildConfigurationList = 6CAEA9102A66968F002442A8 /* Build configuration list for PBXProject "ClothingCatalog" */;
			compatibilityVersion = "Xcode 14.0";
			developmentRegion = en;
			hasScannedForEncodings = 0;
			knownRegions = (
				en,
				Base,
			);
			mainGroup = 6CAEA90C2A66968F002442A8;
			productRefGroup = 6CAEA9162A66968F002442A8 /* Products */;
			projectDirPath = "";
			projectRoot = "";
			targets = (
				6CAEA9142A66968F002442A8 /* ClothingCatalog */,
			);
		};
/* End PBXProject section */

/* Begin PBXResourcesBuildPhase section */
		6CAEA9132A66968F002442A8 /* Resources */ = {
			isa = PBXResourcesBuildPhase;
			buildActionMask = 2147483647;
			files = (
				6CAEA9202A669691002442A8 /* Preview Assets.xcassets in Resources */,
				6CAEA91D2A669691002442A8 /* Assets.xcassets in Resources */,
			);
			runOnlyForDeploymentPostprocessing = 0;
		};
/* End PBXResourcesBuildPhase section */

/* Begin PBXSourcesBuildPhase section */
		6CAEA9112A66968F002442A8 /* Sources */ = {
			isa = PBXSourcesBuildPhase;
			buildActionMask = 2147483647;
			files = (
				6CAEA9322A66A42C002442A8 /* jsonDebugging.swift in Sources */,
				6CAEA9332A66A42C002442A8 /* Colors.swift in Sources */,
				6CAEA91B2A66968F002442A8 /* ContentView.swift in Sources */,
				6CAEA92A2A66A340002442A8 /* Variants.swift in Sources */,
				6CAEA9312A66A42C002442A8 /* Sequences.swift in Sources */,
				6CAEA92C2A66A340002442A8 /* Product.swift in Sources */,
				6CAEA9192A66968F002442A8 /* App.swift in Sources */,
				6CAEA92B2A66A340002442A8 /* Category.swift in Sources */,
			);
			runOnlyForDeploymentPostprocessing = 0;
		};
/* End PBXSourcesBuildPhase section */

/* Begin XCBuildConfiguration section */
		6CAEA9212A669691002442A8 /* Debug */ = {
			isa = XCBuildConfiguration;
			buildSettings = {
				ALWAYS_SEARCH_USER_PATHS = NO;
				CLANG_ANALYZER_NONNULL = YES;
				CLANG_ANALYZER_NUMBER_OBJECT_CONVERSION = YES_AGGRESSIVE;
				CLANG_CXX_LANGUAGE_STANDARD = "gnu++20";
				CLANG_ENABLE_MODULES = YES;
				CLANG_ENABLE_OBJC_ARC = YES;
				CLANG_ENABLE_OBJC_WEAK = YES;
				CLANG_WARN_BLOCK_CAPTURE_AUTORELEASING = YES;
				CLANG_WARN_BOOL_CONVERSION = YES;
				CLANG_WARN_COMMA = YES;
				CLANG_WARN_CONSTANT_CONVERSION = YES;
				CLANG_WARN_DEPRECATED_OBJC_IMPLEMENTATIONS = YES;
				CLANG_WARN_DIRECT_OBJC_ISA_USAGE = YES_ERROR;
				CLANG_WARN_DOCUMENTATION_COMMENTS = YES;
				CLANG_WARN_EMPTY_BODY = YES;
				CLANG_WARN_ENUM_CONVERSION = YES;
				CLANG_WARN_INFINITE_RECURSION = YES;
				CLANG_WARN_INT_CONVERSION = YES;
				CLANG_WARN_NON_LITERAL_NULL_CONVERSION = YES;
				CLANG_WARN_OBJC_IMPLICIT_RETAIN_SELF = YES;
				CLANG_WARN_OBJC_LITERAL_CONVERSION = YES;
				CLANG_WARN_OBJC_ROOT_CLASS = YES_ERROR;
				CLANG_WARN_QUOTED_INCLUDE_IN_FRAMEWORK_HEADER = YES;
				CLANG_WARN_RANGE_LOOP_ANALYSIS = YES;
				CLANG_WARN_STRICT_PROTOTYPES = YES;
				CLANG_WARN_SUSPICIOUS_MOVE = YES;
				CLANG_WARN_UNGUARDED_AVAILABILITY = YES_AGGRESSIVE;
				CLANG_WARN_UNREACHABLE_CODE = YES;
				CLANG_WARN__DUPLICATE_METHOD_MATCH = YES;
				COPY_PHASE_STRIP = NO;
				DEBUG_INFORMATION_FORMAT = dwarf;
				ENABLE_STRICT_OBJC_MSGSEND = YES;
				ENABLE_TESTABILITY = YES;
				GCC_C_LANGUAGE_STANDARD = gnu11;
				GCC_DYNAMIC_NO_PIC = NO;
				GCC_NO_COMMON_BLOCKS = YES;
				GCC_OPTIMIZATION_LEVEL = 0;
				GCC_PREPROCESSOR_DEFINITIONS = (
					"DEBUG=1",
					"$(inherited)",
				);
				GCC_WARN_64_TO_32_BIT_CONVERSION = YES;
				GCC_WARN_ABOUT_RETURN_TYPE = YES_ERROR;
				GCC_WARN_UNDECLARED_SELECTOR = YES;
				GCC_WARN_UNINITIALIZED_AUTOS = YES_AGGRESSIVE;
				GCC_WARN_UNUSED_FUNCTION = YES;
				GCC_WARN_UNUSED_VARIABLE = YES;
				IPHONEOS_DEPLOYMENT_TARGET = 15.0;
				MTL_ENABLE_DEBUG_INFO = INCLUDE_SOURCE;
				MTL_FAST_MATH = YES;
				ONLY_ACTIVE_ARCH = YES;
				SDKROOT = iphoneos;
				SWIFT_ACTIVE_COMPILATION_CONDITIONS = DEBUG;
				SWIFT_OPTIMIZATION_LEVEL = "-Onone";
			};
			name = Debug;
		};
		6CAEA9222A669691002442A8 /* Release */ = {
			isa = XCBuildConfiguration;
			buildSettings = {
				ALWAYS_SEARCH_USER_PATHS = NO;
				CLANG_ANALYZER_NONNULL = YES;
				CLANG_ANALYZER_NUMBER_OBJECT_CONVERSION = YES_AGGRESSIVE;
				CLANG_CXX_LANGUAGE_STANDARD = "gnu++20";
				CLANG_ENABLE_MODULES = YES;
				CLANG_ENABLE_OBJC_ARC = YES;
				CLANG_ENABLE_OBJC_WEAK = YES;
				CLANG_WARN_BLOCK_CAPTURE_AUTORELEASING = YES;
				CLANG_WARN_BOOL_CONVERSION = YES;
				CLANG_WARN_COMMA = YES;
				CLANG_WARN_CONSTANT_CONVERSION = YES;
				CLANG_WARN_DEPRECATED_OBJC_IMPLEMENTATIONS = YES;
				CLANG_WARN_DIRECT_OBJC_ISA_USAGE = YES_ERROR;
				CLANG_WARN_DOCUMENTATION_COMMENTS = YES;
				CLANG_WARN_EMPTY_BODY = YES;
				CLANG_WARN_ENUM_CONVERSION = YES;
				CLANG_WARN_INFINITE_RECURSION = YES;
				CLANG_WARN_INT_CONVERSION = YES;
				CLANG_WARN_NON_LITERAL_NULL_CONVERSION = YES;
				CLANG_WARN_OBJC_IMPLICIT_RETAIN_SELF = YES;
				CLANG_WARN_OBJC_LITERAL_CONVERSION = YES;
				CLANG_WARN_OBJC_ROOT_CLASS = YES_ERROR;
				CLANG_WARN_QUOTED_INCLUDE_IN_FRAMEWORK_HEADER = YES;
				CLANG_WARN_RANGE_LOOP_ANALYSIS = YES;
				CLANG_WARN_STRICT_PROTOTYPES = YES;
				CLANG_WARN_SUSPICIOUS_MOVE = YES;
				CLANG_WARN_UNGUARDED_AVAILABILITY = YES_AGGRESSIVE;
				CLANG_WARN_UNREACHABLE_CODE = YES;
				CLANG_WARN__DUPLICATE_METHOD_MATCH = YES;
				COPY_PHASE_STRIP = NO;
				DEBUG_INFORMATION_FORMAT = "dwarf-with-dsym";
				ENABLE_NS_ASSERTIONS = NO;
				ENABLE_STRICT_OBJC_MSGSEND = YES;
				GCC_C_LANGUAGE_STANDARD = gnu11;
				GCC_NO_COMMON_BLOCKS = YES;
				GCC_WARN_64_TO_32_BIT_CONVERSION = YES;
				GCC_WARN_ABOUT_RETURN_TYPE = YES_ERROR;
				GCC_WARN_UNDECLARED_SELECTOR = YES;
				GCC_WARN_UNINITIALIZED_AUTOS = YES_AGGRESSIVE;
				GCC_WARN_UNUSED_FUNCTION = YES;
				GCC_WARN_UNUSED_VARIABLE = YES;
				IPHONEOS_DEPLOYMENT_TARGET = 15.0;
				MTL_ENABLE_DEBUG_INFO = NO;
				MTL_FAST_MATH = YES;
				SDKROOT = iphoneos;
				SWIFT_COMPILATION_MODE = wholemodule;
				SWIFT_OPTIMIZATION_LEVEL = "-O";
				VALIDATE_PRODUCT = YES;
			};
			name = Release;
		};
		6CAEA9242A669691002442A8 /* Debug */ = {
			isa = XCBuildConfiguration;
			buildSettings = {
				ASSETCATALOG_COMPILER_APPICON_NAME = AppIcon;
				ASSETCATALOG_COMPILER_GLOBAL_ACCENT_COLOR_NAME = AccentColor;
				CODE_SIGN_STYLE = Automatic;
				CURRENT_PROJECT_VERSION = 1;
				DEVELOPMENT_ASSET_PATHS = "\"ClothingCatalog/Preview Content\"";
				ENABLE_PREVIEWS = YES;
				GENERATE_INFOPLIST_FILE = YES;
				INFOPLIST_KEY_UIApplicationSceneManifest_Generation = YES;
				INFOPLIST_KEY_UIApplicationSupportsIndirectInputEvents = YES;
				INFOPLIST_KEY_UILaunchScreen_Generation = YES;
				INFOPLIST_KEY_UISupportedInterfaceOrientations_iPad = "UIInterfaceOrientationPortrait UIInterfaceOrientationPortraitUpsideDown UIInterfaceOrientationLandscapeLeft UIInterfaceOrientationLandscapeRight";
				INFOPLIST_KEY_UISupportedInterfaceOrientations_iPhone = "UIInterfaceOrientationPortrait UIInterfaceOrientationLandscapeLeft UIInterfaceOrientationLandscapeRight";
				LD_RUNPATH_SEARCH_PATHS = (
					"$(inherited)",
					"@executable_path/Frameworks",
				);
				MARKETING_VERSION = 1.0;
				PRODUCT_BUNDLE_IDENTIFIER = com.thi.ClothingCatalog;
				PRODUCT_NAME = "$(TARGET_NAME)";
				SWIFT_EMIT_LOC_STRINGS = YES;
				SWIFT_VERSION = 5.0;
				TARGETED_DEVICE_FAMILY = "1,2";
			};
			name = Debug;
		};
		6CAEA9252A669691002442A8 /* Release */ = {
			isa = XCBuildConfiguration;
			buildSettings = {
				ASSETCATALOG_COMPILER_APPICON_NAME = AppIcon;
				ASSETCATALOG_COMPILER_GLOBAL_ACCENT_COLOR_NAME = AccentColor;
				CODE_SIGN_STYLE = Automatic;
				CURRENT_PROJECT_VERSION = 1;
				DEVELOPMENT_ASSET_PATHS = "\"ClothingCatalog/Preview Content\"";
				ENABLE_PREVIEWS = YES;
				GENERATE_INFOPLIST_FILE = YES;
				INFOPLIST_KEY_UIApplicationSceneManifest_Generation = YES;
				INFOPLIST_KEY_UIApplicationSupportsIndirectInputEvents = YES;
				INFOPLIST_KEY_UILaunchScreen_Generation = YES;
				INFOPLIST_KEY_UISupportedInterfaceOrientations_iPad = "UIInterfaceOrientationPortrait UIInterfaceOrientationPortraitUpsideDown UIInterfaceOrientationLandscapeLeft UIInterfaceOrientationLandscapeRight";
				INFOPLIST_KEY_UISupportedInterfaceOrientations_iPhone = "UIInterfaceOrientationPortrait UIInterfaceOrientationLandscapeLeft UIInterfaceOrientationLandscapeRight";
				LD_RUNPATH_SEARCH_PATHS = (
					"$(inherited)",
					"@executable_path/Frameworks",
				);
				MARKETING_VERSION = 1.0;
				PRODUCT_BUNDLE_IDENTIFIER = com.thi.ClothingCatalog;
				PRODUCT_NAME = "$(TARGET_NAME)";
				SWIFT_EMIT_LOC_STRINGS = YES;
				SWIFT_VERSION = 5.0;
				TARGETED_DEVICE_FAMILY = "1,2";
			};
			name = Release;
		};
/* End XCBuildConfiguration section */

/* Begin XCConfigurationList section */
		6CAEA9102A66968F002442A8 /* Build configuration list for PBXProject "ClothingCatalog" */ = {
			isa = XCConfigurationList;
			buildConfigurations = (
				6CAEA9212A669691002442A8 /* Debug */,
				6CAEA9222A669691002442A8 /* Release */,
			);
			defaultConfigurationIsVisible = 0;
			defaultConfigurationName = Release;
		};
		6CAEA9232A669691002442A8 /* Build configuration list for PBXNativeTarget "ClothingCatalog" */ = {
			isa = XCConfigurationList;
			buildConfigurations = (
				6CAEA9242A669691002442A8 /* Debug */,
				6CAEA9252A669691002442A8 /* Release */,
			);
			defaultConfigurationIsVisible = 0;
			defaultConfigurationName = Release;
		};
/* End XCConfigurationList section */
	};
	rootObject = 6CAEA90D2A66968F002442A8 /* Project object */;
}
